
Microsoft Visual Studio Solution File, Format Version 12.00
# Visual Studio Version 17
VisualStudioVersion = 17.13.35931.197
MinimumVisualStudioVersion = 10.0.40219.1
Project("{FAE04EC0-301F-11D3-BF4B-00C04F79EFBC}") = "SMED.FrontEnd", "SMED.FrontEnd\SMED.FrontEnd.csproj", "{3B2D89E9-F5F8-4D83-9BC5-55ACD49ECC61}"
EndProject
Project("{FAE04EC0-301F-11D3-BF4B-00C04F79EFBC}") = "SMED.Shared", "SMED.Shared\SMED.Shared.csproj", "{BFB30703-84A5-4E3E-855C-368306EBF4F9}"
EndProject
Project("{FAE04EC0-301F-11D3-BF4B-00C04F79EFBC}") = "SMED.BackEnd", "SMED.BackEnd\SMED.BackEnd.csproj", "{639013DA-DB17-4505-AD35-F92E05B938A4}"
EndProject
Global
	GlobalSection(SolutionConfigurationPlatforms) = preSolution
		Debug|Any CPU = Debug|Any CPU
		Release|Any CPU = Release|Any CPU
	EndGlobalSection
	GlobalSection(ProjectConfigurationPlatforms) = postSolution
		{3B2D89E9-F5F8-4D83-9BC5-55ACD49ECC61}.Debug|Any CPU.ActiveCfg = Debug|Any CPU
		{3B2D89E9-F5F8-4D83-9BC5-55ACD49ECC61}.Debug|Any CPU.Build.0 = Debug|Any CPU
		{3B2D89E9-F5F8-4D83-9BC5-55ACD49ECC61}.Release|Any CPU.ActiveCfg = Release|Any CPU
		{3B2D89E9-F5F8-4D83-9BC5-55ACD49ECC61}.Release|Any CPU.Build.0 = Release|Any CPU
		{BFB30703-84A5-4E3E-855C-368306EBF4F9}.Debug|Any CPU.ActiveCfg = Debug|Any CPU
		{BFB30703-84A5-4E3E-855C-368306EBF4F9}.Debug|Any CPU.Build.0 = Debug|Any CPU
		{BFB30703-84A5-4E3E-855C-368306EBF4F9}.Release|Any CPU.ActiveCfg = Release|Any CPU
		{BFB30703-84A5-4E3E-855C-368306EBF4F9}.Release|Any CPU.Build.0 = Release|Any CPU
		{639013DA-DB17-4505-AD35-F92E05B938A4}.Debug|Any CPU.ActiveCfg = Debug|Any CPU
		{639013DA-DB17-4505-AD35-F92E05B938A4}.Debug|Any CPU.Build.0 = Debug|Any CPU
		{639013DA-DB17-4505-AD35-F92E05B938A4}.Release|Any CPU.ActiveCfg = Release|Any CPU
		{639013DA-DB17-4505-AD35-F92E05B938A4}.Release|Any CPU.Build.0 = Release|Any CPU
	EndGlobalSection
	GlobalSection(SolutionProperties) = preSolution
		HideSolutionNode = FALSE
	EndGlobalSection
	GlobalSection(ExtensibilityGlobals) = postSolution
		SolutionGuid = {8EAFB672-426D-47BA-8B68-EB4579B0282F}
	EndGlobalSection
EndGlobal
